
Microsoft Visual Studio Solution File, Format Version 12.00
# Visual Studio Version 17
VisualStudioVersion = 17.3.32804.467
MinimumVisualStudioVersion = 10.0.40219.1
Project("{FAE04EC0-301F-11D3-BF4B-00C04F79EFBC}") = "ConsoleAppmath1", "ConsoleAppmath1\ConsoleAppmath1.csproj", "{8FBF64F2-A1F5-48B6-8E23-7C48F7F4FE78}"
EndProject
Project("{FAE04EC0-301F-11D3-BF4B-00C04F79EFBC}") = "TestProject1", "TestProject1\TestProject1.csproj", "{97130082-7D86-4566-ABB1-9F6B3AAD7F10}"
EndProject
Global
	GlobalSection(SolutionConfigurationPlatforms) = preSolution
		Debug|Any CPU = Debug|Any CPU
		Release|Any CPU = Release|Any CPU
	EndGlobalSection
	GlobalSection(ProjectConfigurationPlatforms) = postSolution
		{8FBF64F2-A1F5-48B6-8E23-7C48F7F4FE78}.Debug|Any CPU.ActiveCfg = Debug|Any CPU
		{8FBF64F2-A1F5-48B6-8E23-7C48F7F4FE78}.Debug|Any CPU.Build.0 = Debug|Any CPU
		{8FBF64F2-A1F5-48B6-8E23-7C48F7F4FE78}.Release|Any CPU.ActiveCfg = Release|Any CPU
		{8FBF64F2-A1F5-48B6-8E23-7C48F7F4FE78}.Release|Any CPU.Build.0 = Release|Any CPU
		{97130082-7D86-4566-ABB1-9F6B3AAD7F10}.Debug|Any CPU.ActiveCfg = Debug|Any CPU
		{97130082-7D86-4566-ABB1-9F6B3AAD7F10}.Debug|Any CPU.Build.0 = Debug|Any CPU
		{97130082-7D86-4566-ABB1-9F6B3AAD7F10}.Release|Any CPU.ActiveCfg = Release|Any CPU
		{97130082-7D86-4566-ABB1-9F6B3AAD7F10}.Release|Any CPU.Build.0 = Release|Any CPU
	EndGlobalSection
	GlobalSection(SolutionProperties) = preSolution
		HideSolutionNode = FALSE
	EndGlobalSection
	GlobalSection(ExtensibilityGlobals) = postSolution
		SolutionGuid = {CE86DA58-67D6-402D-B8C9-EA98EB03F88A}
	EndGlobalSection
EndGlobal
